
Microsoft Visual Studio Solution File, Format Version 11.00
# Visual Studio 2010
Project("{FAE04EC0-301F-11D3-BF4B-00C04F79EFBC}") = "Drawing_Triangle_3d", "Drawing_Triangle_3d\Drawing_Triangle_3d\Drawing_Triangle_3d.csproj", "{106ED1AF-8878-47C1-BD41-F4C010CDFBAD}"
EndProject
Project("{96E2B04D-8817-42C6-938A-82C39BA4D311}") = "Drawing_Triangle_3dContent", "Drawing_Triangle_3d\Drawing_Triangle_3dContent\Drawing_Triangle_3dContent.contentproj", "{B31FA9C2-C47F-4900-A6F4-B85F4968255A}"
EndProject
Global
	GlobalSection(SolutionConfigurationPlatforms) = preSolution
		Debug|x86 = Debug|x86
		Release|x86 = Release|x86
	EndGlobalSection
	GlobalSection(ProjectConfigurationPlatforms) = postSolution
		{106ED1AF-8878-47C1-BD41-F4C010CDFBAD}.Debug|x86.ActiveCfg = Debug|x86
		{106ED1AF-8878-47C1-BD41-F4C010CDFBAD}.Debug|x86.Build.0 = Debug|x86
		{106ED1AF-8878-47C1-BD41-F4C010CDFBAD}.Release|x86.ActiveCfg = Release|x86
		{106ED1AF-8878-47C1-BD41-F4C010CDFBAD}.Release|x86.Build.0 = Release|x86
		{B31FA9C2-C47F-4900-A6F4-B85F4968255A}.Debug|x86.ActiveCfg = Debug|x86
		{B31FA9C2-C47F-4900-A6F4-B85F4968255A}.Release|x86.ActiveCfg = Release|x86
	EndGlobalSection
	GlobalSection(SolutionProperties) = preSolution
		HideSolutionNode = FALSE
	EndGlobalSection
EndGlobal
